
Microsoft Visual Studio Solution File, Format Version 12.00
# Visual Studio 15
VisualStudioVersion = 15.0.28307.489
MinimumVisualStudioVersion = 10.0.40219.1
Project("{FAE04EC0-301F-11D3-BF4B-00C04F79EFBC}") = "SQLapi", "SQLapi\SQLapi.csproj", "{5FE7E38F-BE9B-46DA-9B10-06A500A85C1D}"
EndProject
Global
	GlobalSection(SolutionConfigurationPlatforms) = preSolution
		Debug|Any CPU = Debug|Any CPU
		Release|Any CPU = Release|Any CPU
	EndGlobalSection
	GlobalSection(ProjectConfigurationPlatforms) = postSolution
		{5FE7E38F-BE9B-46DA-9B10-06A500A85C1D}.Debug|Any CPU.ActiveCfg = Debug|Any CPU
		{5FE7E38F-BE9B-46DA-9B10-06A500A85C1D}.Debug|Any CPU.Build.0 = Debug|Any CPU
		{5FE7E38F-BE9B-46DA-9B10-06A500A85C1D}.Release|Any CPU.ActiveCfg = Release|Any CPU
		{5FE7E38F-BE9B-46DA-9B10-06A500A85C1D}.Release|Any CPU.Build.0 = Release|Any CPU
	EndGlobalSection
	GlobalSection(SolutionProperties) = preSolution
		HideSolutionNode = FALSE
	EndGlobalSection
	GlobalSection(ExtensibilityGlobals) = postSolution
		SolutionGuid = {3E9086F4-3789-475F-909D-EC7A585036C6}
	EndGlobalSection
EndGlobal
